
Microsoft Visual Studio Solution File, Format Version 12.00
# Visual Studio 15
VisualStudioVersion = 15.0.27703.2018
MinimumVisualStudioVersion = 10.0.40219.1
Project("{FAE04EC0-301F-11D3-BF4B-00C04F79EFBC}") = "JournalSystem", "JournalSystem\JournalSystem.csproj", "{B6F40B16-62E8-4C70-BA35-563D3C62B91C}"
EndProject
Project("{FAE04EC0-301F-11D3-BF4B-00C04F79EFBC}") = "JournalSystem.BL", "JournalSystem.BL\JournalSystem.BL.csproj", "{C55C386C-26B4-40D0-9CAD-A953746B179D}"
EndProject
Project("{FAE04EC0-301F-11D3-BF4B-00C04F79EFBC}") = "JournalSystem.ML", "JournalSystem.ML\JournalSystem.ML.csproj", "{6282570A-FCA1-4342-9216-64C7B45931A2}"
EndProject
Project("{FAE04EC0-301F-11D3-BF4B-00C04F79EFBC}") = "JournalSystem.DL", "JournalSystem.DL\JournalSystem.DL.csproj", "{A811870F-B1C1-4CB8-91C3-FA4F5973F270}"
EndProject
Global
	GlobalSection(SolutionConfigurationPlatforms) = preSolution
		Debug|Any CPU = Debug|Any CPU
		Release|Any CPU = Release|Any CPU
	EndGlobalSection
	GlobalSection(ProjectConfigurationPlatforms) = postSolution
		{B6F40B16-62E8-4C70-BA35-563D3C62B91C}.Debug|Any CPU.ActiveCfg = Debug|Any CPU
		{B6F40B16-62E8-4C70-BA35-563D3C62B91C}.Debug|Any CPU.Build.0 = Debug|Any CPU
		{B6F40B16-62E8-4C70-BA35-563D3C62B91C}.Release|Any CPU.ActiveCfg = Release|Any CPU
		{B6F40B16-62E8-4C70-BA35-563D3C62B91C}.Release|Any CPU.Build.0 = Release|Any CPU
		{C55C386C-26B4-40D0-9CAD-A953746B179D}.Debug|Any CPU.ActiveCfg = Debug|Any CPU
		{C55C386C-26B4-40D0-9CAD-A953746B179D}.Debug|Any CPU.Build.0 = Debug|Any CPU
		{C55C386C-26B4-40D0-9CAD-A953746B179D}.Release|Any CPU.ActiveCfg = Release|Any CPU
		{C55C386C-26B4-40D0-9CAD-A953746B179D}.Release|Any CPU.Build.0 = Release|Any CPU
		{6282570A-FCA1-4342-9216-64C7B45931A2}.Debug|Any CPU.ActiveCfg = Debug|Any CPU
		{6282570A-FCA1-4342-9216-64C7B45931A2}.Debug|Any CPU.Build.0 = Debug|Any CPU
		{6282570A-FCA1-4342-9216-64C7B45931A2}.Release|Any CPU.ActiveCfg = Release|Any CPU
		{6282570A-FCA1-4342-9216-64C7B45931A2}.Release|Any CPU.Build.0 = Release|Any CPU
		{A811870F-B1C1-4CB8-91C3-FA4F5973F270}.Debug|Any CPU.ActiveCfg = Debug|Any CPU
		{A811870F-B1C1-4CB8-91C3-FA4F5973F270}.Debug|Any CPU.Build.0 = Debug|Any CPU
		{A811870F-B1C1-4CB8-91C3-FA4F5973F270}.Release|Any CPU.ActiveCfg = Release|Any CPU
		{A811870F-B1C1-4CB8-91C3-FA4F5973F270}.Release|Any CPU.Build.0 = Release|Any CPU
	EndGlobalSection
	GlobalSection(SolutionProperties) = preSolution
		HideSolutionNode = FALSE
	EndGlobalSection
	GlobalSection(ExtensibilityGlobals) = postSolution
		SolutionGuid = {7A22FB37-0038-4E76-B6FE-E062BFF1F745}
	EndGlobalSection
EndGlobal
